// !$*UTF8*$!
{
	archiveVersion = 1;
	classes = {
	};
	objectVersion = 56;
	objects = {

/* Begin PBXBuildFile section */
		6DD035B32CEBBB6800EDF825 /* AppDelegate.m in Sources */ = {isa = PBXBuildFile; fileRef = 6DD035B22CEBBB6800EDF825 /* AppDelegate.m */; };
		6DD035B62CEBBB6800EDF825 /* SceneDelegate.m in Sources */ = {isa = PBXBuildFile; fileRef = 6DD035B52CEBBB6800EDF825 /* SceneDelegate.m */; };
		6DD035B92CEBBB6800EDF825 /* ViewController.m in Sources */ = {isa = PBXBuildFile; fileRef = 6DD035B82CEBBB6800EDF825 /* ViewController.m */; };
		6DD035BC2CEBBB6800EDF825 /* Base in Resources */ = {isa = PBXBuildFile; fileRef = 6DD035BB2CEBBB6800EDF825 /* Base */; };
		6DD035BE2CEBBB6900EDF825 /* Assets.xcassets in Resources */ = {isa = PBXBuildFile; fileRef = 6DD035BD2CEBBB6900EDF825 /* Assets.xcassets */; };
		6DD035C12CEBBB6900EDF825 /* Base in Resources */ = {isa = PBXBuildFile; fileRef = 6DD035C02CEBBB6900EDF825 /* Base */; };
		6DD035C42CEBBB6900EDF825 /* main.m in Sources */ = {isa = PBXBuildFile; fileRef = 6DD035C32CEBBB6900EDF825 /* main.m */; };
		6DD035CE2CEBBB6900EDF825 /* ObjcSimpleGameTests.m in Sources */ = {isa = PBXBuildFile; fileRef = 6DD035CD2CEBBB6900EDF825 /* ObjcSimpleGameTests.m */; };
		6DD035D82CEBBB6900EDF825 /* ObjcSimpleGameUITests.m in Sources */ = {isa = PBXBuildFile; fileRef = 6DD035D72CEBBB6900EDF825 /* ObjcSimpleGameUITests.m */; };
		6DD035DA2CEBBB6900EDF825 /* ObjcSimpleGameUITestsLaunchTests.m in Sources */ = {isa = PBXBuildFile; fileRef = 6DD035D92CEBBB6900EDF825 /* ObjcSimpleGameUITestsLaunchTests.m */; };
		6DD035E82CEBBBDF00EDF825 /* MockApiClient.swift in Sources */ = {isa = PBXBuildFile; fileRef = 6DD035E72CEBBBDF00EDF825 /* MockApiClient.swift */; };
		6DD035EB2CEBBDF300EDF825 /* MockLoginEndpoint.m in Sources */ = {isa = PBXBuildFile; fileRef = 6DD035EA2CEBBDF300EDF825 /* MockLoginEndpoint.m */; };
/* End PBXBuildFile section */

/* Begin PBXContainerItemProxy section */
		6DD035CA2CEBBB6900EDF825 /* PBXContainerItemProxy */ = {
			isa = PBXContainerItemProxy;
			containerPortal = 6DD035A62CEBBB6800EDF825 /* Project object */;
			proxyType = 1;
			remoteGlobalIDString = 6DD035AD2CEBBB6800EDF825;
			remoteInfo = ObjcSimpleGame;
		};
		6DD035D42CEBBB6900EDF825 /* PBXContainerItemProxy */ = {
			isa = PBXContainerItemProxy;
			containerPortal = 6DD035A62CEBBB6800EDF825 /* Project object */;
			proxyType = 1;
			remoteGlobalIDString = 6DD035AD2CEBBB6800EDF825;
			remoteInfo = ObjcSimpleGame;
		};
/* End PBXContainerItemProxy section */

/* Begin PBXFileReference section */
		6DD035AE2CEBBB6800EDF825 /* ObjcSimpleGame.app */ = {isa = PBXFileReference; explicitFileType = wrapper.application; includeInIndex = 0; path = ObjcSimpleGame.app; sourceTree = BUILT_PRODUCTS_DIR; };
		6DD035B12CEBBB6800EDF825 /* AppDelegate.h */ = {isa = PBXFileReference; lastKnownFileType = sourcecode.c.h; path = AppDelegate.h; sourceTree = "<group>"; };
		6DD035B22CEBBB6800EDF825 /* AppDelegate.m */ = {isa = PBXFileReference; lastKnownFileType = sourcecode.c.objc; path = AppDelegate.m; sourceTree = "<group>"; };
		6DD035B42CEBBB6800EDF825 /* SceneDelegate.h */ = {isa = PBXFileReference; lastKnownFileType = sourcecode.c.h; path = SceneDelegate.h; sourceTree = "<group>"; };
		6DD035B52CEBBB6800EDF825 /* SceneDelegate.m */ = {isa = PBXFileReference; lastKnownFileType = sourcecode.c.objc; path = SceneDelegate.m; sourceTree = "<group>"; };
		6DD035B72CEBBB6800EDF825 /* ViewController.h */ = {isa = PBXFileReference; lastKnownFileType = sourcecode.c.h; path = ViewController.h; sourceTree = "<group>"; };
		6DD035B82CEBBB6800EDF825 /* ViewController.m */ = {isa = PBXFileReference; lastKnownFileType = sourcecode.c.objc; path = ViewController.m; sourceTree = "<group>"; };
		6DD035BB2CEBBB6800EDF825 /* Base */ = {isa = PBXFileReference; lastKnownFileType = file.storyboard; name = Base; path = Base.lproj/Main.storyboard; sourceTree = "<group>"; };
		6DD035BD2CEBBB6900EDF825 /* Assets.xcassets */ = {isa = PBXFileReference; lastKnownFileType = folder.assetcatalog; path = Assets.xcassets; sourceTree = "<group>"; };
		6DD035C02CEBBB6900EDF825 /* Base */ = {isa = PBXFileReference; lastKnownFileType = file.storyboard; name = Base; path = Base.lproj/LaunchScreen.storyboard; sourceTree = "<group>"; };
		6DD035C22CEBBB6900EDF825 /* Info.plist */ = {isa = PBXFileReference; lastKnownFileType = text.plist.xml; path = Info.plist; sourceTree = "<group>"; };
		6DD035C32CEBBB6900EDF825 /* main.m */ = {isa = PBXFileReference; lastKnownFileType = sourcecode.c.objc; path = main.m; sourceTree = "<group>"; };
		6DD035C92CEBBB6900EDF825 /* ObjcSimpleGameTests.xctest */ = {isa = PBXFileReference; explicitFileType = wrapper.cfbundle; includeInIndex = 0; path = ObjcSimpleGameTests.xctest; sourceTree = BUILT_PRODUCTS_DIR; };
		6DD035CD2CEBBB6900EDF825 /* ObjcSimpleGameTests.m */ = {isa = PBXFileReference; lastKnownFileType = sourcecode.c.objc; path = ObjcSimpleGameTests.m; sourceTree = "<group>"; };
		6DD035D32CEBBB6900EDF825 /* ObjcSimpleGameUITests.xctest */ = {isa = PBXFileReference; explicitFileType = wrapper.cfbundle; includeInIndex = 0; path = ObjcSimpleGameUITests.xctest; sourceTree = BUILT_PRODUCTS_DIR; };
		6DD035D72CEBBB6900EDF825 /* ObjcSimpleGameUITests.m */ = {isa = PBXFileReference; lastKnownFileType = sourcecode.c.objc; path = ObjcSimpleGameUITests.m; sourceTree = "<group>"; };
		6DD035D92CEBBB6900EDF825 /* ObjcSimpleGameUITestsLaunchTests.m */ = {isa = PBXFileReference; lastKnownFileType = sourcecode.c.objc; path = ObjcSimpleGameUITestsLaunchTests.m; sourceTree = "<group>"; };
		6DD035E62CEBBBDF00EDF825 /* ObjcSimpleGame-Bridging-Header.h */ = {isa = PBXFileReference; lastKnownFileType = sourcecode.c.h; path = "ObjcSimpleGame-Bridging-Header.h"; sourceTree = "<group>"; };
		6DD035E72CEBBBDF00EDF825 /* MockApiClient.swift */ = {isa = PBXFileReference; lastKnownFileType = sourcecode.swift; path = MockApiClient.swift; sourceTree = "<group>"; };
		6DD035E92CEBBDF300EDF825 /* MockLoginEndpoint.h */ = {isa = PBXFileReference; lastKnownFileType = sourcecode.c.h; path = MockLoginEndpoint.h; sourceTree = "<group>"; };
		6DD035EA2CEBBDF300EDF825 /* MockLoginEndpoint.m */ = {isa = PBXFileReference; lastKnownFileType = sourcecode.c.objc; path = MockLoginEndpoint.m; sourceTree = "<group>"; };
/* End PBXFileReference section */

/* Begin PBXFrameworksBuildPhase section */
		6DD035AB2CEBBB6800EDF825 /* Frameworks */ = {
			isa = PBXFrameworksBuildPhase;
			buildActionMask = 2147483647;
			files = (
			);
			runOnlyForDeploymentPostprocessing = 0;
		};
		6DD035C62CEBBB6900EDF825 /* Frameworks */ = {
			isa = PBXFrameworksBuildPhase;
			buildActionMask = 2147483647;
			files = (
			);
			runOnlyForDeploymentPostprocessing = 0;
		};
		6DD035D02CEBBB6900EDF825 /* Frameworks */ = {
			isa = PBXFrameworksBuildPhase;
			buildActionMask = 2147483647;
			files = (
			);
			runOnlyForDeploymentPostprocessing = 0;
		};
/* End PBXFrameworksBuildPhase section */

/* Begin PBXGroup section */
		6DD035A52CEBBB6800EDF825 = {
			isa = PBXGroup;
			children = (
				6DD035B02CEBBB6800EDF825 /* ObjcSimpleGame */,
				6DD035CC2CEBBB6900EDF825 /* ObjcSimpleGameTests */,
				6DD035D62CEBBB6900EDF825 /* ObjcSimpleGameUITests */,
				6DD035AF2CEBBB6800EDF825 /* Products */,
			);
			sourceTree = "<group>";
		};
		6DD035AF2CEBBB6800EDF825 /* Products */ = {
			isa = PBXGroup;
			children = (
				6DD035AE2CEBBB6800EDF825 /* ObjcSimpleGame.app */,
				6DD035C92CEBBB6900EDF825 /* ObjcSimpleGameTests.xctest */,
				6DD035D32CEBBB6900EDF825 /* ObjcSimpleGameUITests.xctest */,
			);
			name = Products;
			sourceTree = "<group>";
		};
		6DD035B02CEBBB6800EDF825 /* ObjcSimpleGame */ = {
			isa = PBXGroup;
			children = (
				6DD035B12CEBBB6800EDF825 /* AppDelegate.h */,
				6DD035B22CEBBB6800EDF825 /* AppDelegate.m */,
				6DD035B42CEBBB6800EDF825 /* SceneDelegate.h */,
				6DD035B52CEBBB6800EDF825 /* SceneDelegate.m */,
				6DD035B72CEBBB6800EDF825 /* ViewController.h */,
				6DD035B82CEBBB6800EDF825 /* ViewController.m */,
				6DD035BA2CEBBB6800EDF825 /* Main.storyboard */,
				6DD035BD2CEBBB6900EDF825 /* Assets.xcassets */,
				6DD035BF2CEBBB6900EDF825 /* LaunchScreen.storyboard */,
				6DD035C22CEBBB6900EDF825 /* Info.plist */,
				6DD035C32CEBBB6900EDF825 /* main.m */,
				6DD035E72CEBBBDF00EDF825 /* MockApiClient.swift */,
				6DD035E62CEBBBDF00EDF825 /* ObjcSimpleGame-Bridging-Header.h */,
				6DD035E92CEBBDF300EDF825 /* MockLoginEndpoint.h */,
				6DD035EA2CEBBDF300EDF825 /* MockLoginEndpoint.m */,
			);
			path = ObjcSimpleGame;
			sourceTree = "<group>";
		};
		6DD035CC2CEBBB6900EDF825 /* ObjcSimpleGameTests */ = {
			isa = PBXGroup;
			children = (
				6DD035CD2CEBBB6900EDF825 /* ObjcSimpleGameTests.m */,
			);
			path = ObjcSimpleGameTests;
			sourceTree = "<group>";
		};
		6DD035D62CEBBB6900EDF825 /* ObjcSimpleGameUITests */ = {
			isa = PBXGroup;
			children = (
				6DD035D72CEBBB6900EDF825 /* ObjcSimpleGameUITests.m */,
				6DD035D92CEBBB6900EDF825 /* ObjcSimpleGameUITestsLaunchTests.m */,
			);
			path = ObjcSimpleGameUITests;
			sourceTree = "<group>";
		};
/* End PBXGroup section */

/* Begin PBXNativeTarget section */
		6DD035AD2CEBBB6800EDF825 /* ObjcSimpleGame */ = {
			isa = PBXNativeTarget;
			buildConfigurationList = 6DD035DD2CEBBB6900EDF825 /* Build configuration list for PBXNativeTarget "ObjcSimpleGame" */;
			buildPhases = (
				6DD035AA2CEBBB6800EDF825 /* Sources */,
				6DD035AB2CEBBB6800EDF825 /* Frameworks */,
				6DD035AC2CEBBB6800EDF825 /* Resources */,
			);
			buildRules = (
			);
			dependencies = (
			);
			name = ObjcSimpleGame;
			productName = ObjcSimpleGame;
			productReference = 6DD035AE2CEBBB6800EDF825 /* ObjcSimpleGame.app */;
			productType = "com.apple.product-type.application";
		};
		6DD035C82CEBBB6900EDF825 /* ObjcSimpleGameTests */ = {
			isa = PBXNativeTarget;
			buildConfigurationList = 6DD035E02CEBBB6900EDF825 /* Build configuration list for PBXNativeTarget "ObjcSimpleGameTests" */;
			buildPhases = (
				6DD035C52CEBBB6900EDF825 /* Sources */,
				6DD035C62CEBBB6900EDF825 /* Frameworks */,
				6DD035C72CEBBB6900EDF825 /* Resources */,
			);
			buildRules = (
			);
			dependencies = (
				6DD035CB2CEBBB6900EDF825 /* PBXTargetDependency */,
			);
			name = ObjcSimpleGameTests;
			productName = ObjcSimpleGameTests;
			productReference = 6DD035C92CEBBB6900EDF825 /* ObjcSimpleGameTests.xctest */;
			productType = "com.apple.product-type.bundle.unit-test";
		};
		6DD035D22CEBBB6900EDF825 /* ObjcSimpleGameUITests */ = {
			isa = PBXNativeTarget;
			buildConfigurationList = 6DD035E32CEBBB6900EDF825 /* Build configuration list for PBXNativeTarget "ObjcSimpleGameUITests" */;
			buildPhases = (
				6DD035CF2CEBBB6900EDF825 /* Sources */,
				6DD035D02CEBBB6900EDF825 /* Frameworks */,
				6DD035D12CEBBB6900EDF825 /* Resources */,
			);
			buildRules = (
			);
			dependencies = (
				6DD035D52CEBBB6900EDF825 /* PBXTargetDependency */,
			);
			name = ObjcSimpleGameUITests;
			productName = ObjcSimpleGameUITests;
			productReference = 6DD035D32CEBBB6900EDF825 /* ObjcSimpleGameUITests.xctest */;
			productType = "com.apple.product-type.bundle.ui-testing";
		};
/* End PBXNativeTarget section */

/* Begin PBXProject section */
		6DD035A62CEBBB6800EDF825 /* Project object */ = {
			isa = PBXProject;
			attributes = {
				BuildIndependentTargetsInParallel = 1;
				LastUpgradeCheck = 1540;
				TargetAttributes = {
					6DD035AD2CEBBB6800EDF825 = {
						CreatedOnToolsVersion = 15.4;
						LastSwiftMigration = 1540;
					};
					6DD035C82CEBBB6900EDF825 = {
						CreatedOnToolsVersion = 15.4;
						TestTargetID = 6DD035AD2CEBBB6800EDF825;
					};
					6DD035D22CEBBB6900EDF825 = {
						CreatedOnToolsVersion = 15.4;
						TestTargetID = 6DD035AD2CEBBB6800EDF825;
					};
				};
			};
			buildConfigurationList = 6DD035A92CEBBB6800EDF825 /* Build configuration list for PBXProject "ObjcSimpleGame" */;
			compatibilityVersion = "Xcode 14.0";
			developmentRegion = en;
			hasScannedForEncodings = 0;
			knownRegions = (
				en,
				Base,
			);
			mainGroup = 6DD035A52CEBBB6800EDF825;
			productRefGroup = 6DD035AF2CEBBB6800EDF825 /* Products */;
			projectDirPath = "";
			projectRoot = "";
			targets = (
				6DD035AD2CEBBB6800EDF825 /* ObjcSimpleGame */,
				6DD035C82CEBBB6900EDF825 /* ObjcSimpleGameTests */,
				6DD035D22CEBBB6900EDF825 /* ObjcSimpleGameUITests */,
			);
		};
/* End PBXProject section */

/* Begin PBXResourcesBuildPhase section */
		6DD035AC2CEBBB6800EDF825 /* Resources */ = {
			isa = PBXResourcesBuildPhase;
			buildActionMask = 2147483647;
			files = (
				6DD035BE2CEBBB6900EDF825 /* Assets.xcassets in Resources */,
				6DD035C12CEBBB6900EDF825 /* Base in Resources */,
				6DD035BC2CEBBB6800EDF825 /* Base in Resources */,
			);
			runOnlyForDeploymentPostprocessing = 0;
		};
		6DD035C72CEBBB6900EDF825 /* Resources */ = {
			isa = PBXResourcesBuildPhase;
			buildActionMask = 2147483647;
			files = (
			);
			runOnlyForDeploymentPostprocessing = 0;
		};
		6DD035D12CEBBB6900EDF825 /* Resources */ = {
			isa = PBXResourcesBuildPhase;
			buildActionMask = 2147483647;
			files = (
			);
			runOnlyForDeploymentPostprocessing = 0;
		};
/* End PBXResourcesBuildPhase section */

/* Begin PBXSourcesBuildPhase section */
		6DD035AA2CEBBB6800EDF825 /* Sources */ = {
			isa = PBXSourcesBuildPhase;
			buildActionMask = 2147483647;
			files = (
				6DD035B92CEBBB6800EDF825 /* ViewController.m in Sources */,
				6DD035B32CEBBB6800EDF825 /* AppDelegate.m in Sources */,
				6DD035C42CEBBB6900EDF825 /* main.m in Sources */,
				6DD035E82CEBBBDF00EDF825 /* MockApiClient.swift in Sources */,
				6DD035EB2CEBBDF300EDF825 /* MockLoginEndpoint.m in Sources */,
				6DD035B62CEBBB6800EDF825 /* SceneDelegate.m in Sources */,
			);
			runOnlyForDeploymentPostprocessing = 0;
		};
		6DD035C52CEBBB6900EDF825 /* Sources */ = {
			isa = PBXSourcesBuildPhase;
			buildActionMask = 2147483647;
			files = (
				6DD035CE2CEBBB6900EDF825 /* ObjcSimpleGameTests.m in Sources */,
			);
			runOnlyForDeploymentPostprocessing = 0;
		};
		6DD035CF2CEBBB6900EDF825 /* Sources */ = {
			isa = PBXSourcesBuildPhase;
			buildActionMask = 2147483647;
			files = (
				6DD035DA2CEBBB6900EDF825 /* ObjcSimpleGameUITestsLaunchTests.m in Sources */,
				6DD035D82CEBBB6900EDF825 /* ObjcSimpleGameUITests.m in Sources */,
			);
			runOnlyForDeploymentPostprocessing = 0;
		};
/* End PBXSourcesBuildPhase section */

/* Begin PBXTargetDependency section */
		6DD035CB2CEBBB6900EDF825 /* PBXTargetDependency */ = {
			isa = PBXTargetDependency;
			target = 6DD035AD2CEBBB6800EDF825 /* ObjcSimpleGame */;
			targetProxy = 6DD035CA2CEBBB6900EDF825 /* PBXContainerItemProxy */;
		};
		6DD035D52CEBBB6900EDF825 /* PBXTargetDependency */ = {
			isa = PBXTargetDependency;
			target = 6DD035AD2CEBBB6800EDF825 /* ObjcSimpleGame */;
			targetProxy = 6DD035D42CEBBB6900EDF825 /* PBXContainerItemProxy */;
		};
/* End PBXTargetDependency section */

/* Begin PBXVariantGroup section */
		6DD035BA2CEBBB6800EDF825 /* Main.storyboard */ = {
			isa = PBXVariantGroup;
			children = (
				6DD035BB2CEBBB6800EDF825 /* Base */,
			);
			name = Main.storyboard;
			sourceTree = "<group>";
		};
		6DD035BF2CEBBB6900EDF825 /* LaunchScreen.storyboard */ = {
			isa = PBXVariantGroup;
			children = (
				6DD035C02CEBBB6900EDF825 /* Base */,
			);
			name = LaunchScreen.storyboard;
			sourceTree = "<group>";
		};
/* End PBXVariantGroup section */

/* Begin XCBuildConfiguration section */
		6DD035DB2CEBBB6900EDF825 /* Debug */ = {
			isa = XCBuildConfiguration;
			buildSettings = {
				ALWAYS_SEARCH_USER_PATHS = NO;
				ASSETCATALOG_COMPILER_GENERATE_SWIFT_ASSET_SYMBOL_EXTENSIONS = YES;
				CLANG_ANALYZER_NONNULL = YES;
				CLANG_ANALYZER_NUMBER_OBJECT_CONVERSION = YES_AGGRESSIVE;
				CLANG_CXX_LANGUAGE_STANDARD = "gnu++20";
				CLANG_ENABLE_MODULES = YES;
				CLANG_ENABLE_OBJC_ARC = YES;
				CLANG_ENABLE_OBJC_WEAK = YES;
				CLANG_WARN_BLOCK_CAPTURE_AUTORELEASING = YES;
				CLANG_WARN_BOOL_CONVERSION = YES;
				CLANG_WARN_COMMA = YES;
				CLANG_WARN_CONSTANT_CONVERSION = YES;
				CLANG_WARN_DEPRECATED_OBJC_IMPLEMENTATIONS = YES;
				CLANG_WARN_DIRECT_OBJC_ISA_USAGE = YES_ERROR;
				CLANG_WARN_DOCUMENTATION_COMMENTS = YES;
				CLANG_WARN_EMPTY_BODY = YES;
				CLANG_WARN_ENUM_CONVERSION = YES;
				CLANG_WARN_INFINITE_RECURSION = YES;
				CLANG_WARN_INT_CONVERSION = YES;
				CLANG_WARN_NON_LITERAL_NULL_CONVERSION = YES;
				CLANG_WARN_OBJC_IMPLICIT_RETAIN_SELF = YES;
				CLANG_WARN_OBJC_LITERAL_CONVERSION = YES;
				CLANG_WARN_OBJC_ROOT_CLASS = YES_ERROR;
				CLANG_WARN_QUOTED_INCLUDE_IN_FRAMEWORK_HEADER = YES;
				CLANG_WARN_RANGE_LOOP_ANALYSIS = YES;
				CLANG_WARN_STRICT_PROTOTYPES = YES;
				CLANG_WARN_SUSPICIOUS_MOVE = YES;
				CLANG_WARN_UNGUARDED_AVAILABILITY = YES_AGGRESSIVE;
				CLANG_WARN_UNREACHABLE_CODE = YES;
				CLANG_WARN__DUPLICATE_METHOD_MATCH = YES;
				COPY_PHASE_STRIP = NO;
				DEBUG_INFORMATION_FORMAT = dwarf;
				ENABLE_STRICT_OBJC_MSGSEND = YES;
				ENABLE_TESTABILITY = YES;
				ENABLE_USER_SCRIPT_SANDBOXING = YES;
				GCC_C_LANGUAGE_STANDARD = gnu17;
				GCC_DYNAMIC_NO_PIC = NO;
				GCC_NO_COMMON_BLOCKS = YES;
				GCC_OPTIMIZATION_LEVEL = 0;
				GCC_PREPROCESSOR_DEFINITIONS = (
					"DEBUG=1",
					"$(inherited)",
				);
				GCC_WARN_64_TO_32_BIT_CONVERSION = YES;
				GCC_WARN_ABOUT_RETURN_TYPE = YES_ERROR;
				GCC_WARN_UNDECLARED_SELECTOR = YES;
				GCC_WARN_UNINITIALIZED_AUTOS = YES_AGGRESSIVE;
				GCC_WARN_UNUSED_FUNCTION = YES;
				GCC_WARN_UNUSED_VARIABLE = YES;
				IPHONEOS_DEPLOYMENT_TARGET = 17.5;
				LOCALIZATION_PREFERS_STRING_CATALOGS = YES;
				MTL_ENABLE_DEBUG_INFO = INCLUDE_SOURCE;
				MTL_FAST_MATH = YES;
				ONLY_ACTIVE_ARCH = YES;
				SDKROOT = iphoneos;
			};
			name = Debug;
		};
		6DD035DC2CEBBB6900EDF825 /* Release */ = {
			isa = XCBuildConfiguration;
			buildSettings = {
				ALWAYS_SEARCH_USER_PATHS = NO;
				ASSETCATALOG_COMPILER_GENERATE_SWIFT_ASSET_SYMBOL_EXTENSIONS = YES;
				CLANG_ANALYZER_NONNULL = YES;
				CLANG_ANALYZER_NUMBER_OBJECT_CONVERSION = YES_AGGRESSIVE;
				CLANG_CXX_LANGUAGE_STANDARD = "gnu++20";
				CLANG_ENABLE_MODULES = YES;
				CLANG_ENABLE_OBJC_ARC = YES;
				CLANG_ENABLE_OBJC_WEAK = YES;
				CLANG_WARN_BLOCK_CAPTURE_AUTORELEASING = YES;
				CLANG_WARN_BOOL_CONVERSION = YES;
				CLANG_WARN_COMMA = YES;
				CLANG_WARN_CONSTANT_CONVERSION = YES;
				CLANG_WARN_DEPRECATED_OBJC_IMPLEMENTATIONS = YES;
				CLANG_WARN_DIRECT_OBJC_ISA_USAGE = YES_ERROR;
				CLANG_WARN_DOCUMENTATION_COMMENTS = YES;
				CLANG_WARN_EMPTY_BODY = YES;
				CLANG_WARN_ENUM_CONVERSION = YES;
				CLANG_WARN_INFINITE_RECURSION = YES;
				CLANG_WARN_INT_CONVERSION = YES;
				CLANG_WARN_NON_LITERAL_NULL_CONVERSION = YES;
				CLANG_WARN_OBJC_IMPLICIT_RETAIN_SELF = YES;
				CLANG_WARN_OBJC_LITERAL_CONVERSION = YES;
				CLANG_WARN_OBJC_ROOT_CLASS = YES_ERROR;
				CLANG_WARN_QUOTED_INCLUDE_IN_FRAMEWORK_HEADER = YES;
				CLANG_WARN_RANGE_LOOP_ANALYSIS = YES;
				CLANG_WARN_STRICT_PROTOTYPES = YES;
				CLANG_WARN_SUSPICIOUS_MOVE = YES;
				CLANG_WARN_UNGUARDED_AVAILABILITY = YES_AGGRESSIVE;
				CLANG_WARN_UNREACHABLE_CODE = YES;
				CLANG_WARN__DUPLICATE_METHOD_MATCH = YES;
				COPY_PHASE_STRIP = NO;
				DEBUG_INFORMATION_FORMAT = "dwarf-with-dsym";
				ENABLE_NS_ASSERTIONS = NO;
				ENABLE_STRICT_OBJC_MSGSEND = YES;
				ENABLE_USER_SCRIPT_SANDBOXING = YES;
				GCC_C_LANGUAGE_STANDARD = gnu17;
				GCC_NO_COMMON_BLOCKS = YES;
				GCC_WARN_64_TO_32_BIT_CONVERSION = YES;
				GCC_WARN_ABOUT_RETURN_TYPE = YES_ERROR;
				GCC_WARN_UNDECLARED_SELECTOR = YES;
				GCC_WARN_UNINITIALIZED_AUTOS = YES_AGGRESSIVE;
				GCC_WARN_UNUSED_FUNCTION = YES;
				GCC_WARN_UNUSED_VARIABLE = YES;
				IPHONEOS_DEPLOYMENT_TARGET = 17.5;
				LOCALIZATION_PREFERS_STRING_CATALOGS = YES;
				MTL_ENABLE_DEBUG_INFO = NO;
				MTL_FAST_MATH = YES;
				SDKROOT = iphoneos;
				VALIDATE_PRODUCT = YES;
			};
			name = Release;
		};
		6DD035DE2CEBBB6900EDF825 /* Debug */ = {
			isa = XCBuildConfiguration;
			buildSettings = {
				ASSETCATALOG_COMPILER_APPICON_NAME = AppIcon;
				ASSETCATALOG_COMPILER_GLOBAL_ACCENT_COLOR_NAME = AccentColor;
				CLANG_ENABLE_MODULES = YES;
				CODE_SIGN_STYLE = Automatic;
				CURRENT_PROJECT_VERSION = 1;
				DEVELOPMENT_TEAM = 2639M6Y6VT;
				GENERATE_INFOPLIST_FILE = YES;
				INFOPLIST_FILE = ObjcSimpleGame/Info.plist;
				INFOPLIST_KEY_UIApplicationSupportsIndirectInputEvents = YES;
				INFOPLIST_KEY_UILaunchStoryboardName = LaunchScreen;
				INFOPLIST_KEY_UIMainStoryboardFile = Main;
				INFOPLIST_KEY_UISupportedInterfaceOrientations_iPad = "UIInterfaceOrientationPortrait UIInterfaceOrientationPortraitUpsideDown UIInterfaceOrientationLandscapeLeft UIInterfaceOrientationLandscapeRight";
				INFOPLIST_KEY_UISupportedInterfaceOrientations_iPhone = "UIInterfaceOrientationPortrait UIInterfaceOrientationLandscapeLeft UIInterfaceOrientationLandscapeRight";
				LD_RUNPATH_SEARCH_PATHS = (
					"$(inherited)",
					"@executable_path/Frameworks",
				);
				MARKETING_VERSION = 1.0;
				PRODUCT_BUNDLE_IDENTIFIER = mx.roverty.ObjcSimpleGame;
				PRODUCT_NAME = "$(TARGET_NAME)";
				SWIFT_EMIT_LOC_STRINGS = YES;
				SWIFT_OBJC_BRIDGING_HEADER = "ObjcSimpleGame/ObjcSimpleGame-Bridging-Header.h";
				SWIFT_OPTIMIZATION_LEVEL = "-Onone";
				SWIFT_VERSION = 5.0;
				TARGETED_DEVICE_FAMILY = "1,2";
			};
			name = Debug;
		};
		6DD035DF2CEBBB6900EDF825 /* Release */ = {
			isa = XCBuildConfiguration;
			buildSettings = {
				ASSETCATALOG_COMPILER_APPICON_NAME = AppIcon;
				ASSETCATALOG_COMPILER_GLOBAL_ACCENT_COLOR_NAME = AccentColor;
				CLANG_ENABLE_MODULES = YES;
				CODE_SIGN_STYLE = Automatic;
				CURRENT_PROJECT_VERSION = 1;
				DEVELOPMENT_TEAM = 2639M6Y6VT;
				GENERATE_INFOPLIST_FILE = YES;
				INFOPLIST_FILE = ObjcSimpleGame/Info.plist;
				INFOPLIST_KEY_UIApplicationSupportsIndirectInputEvents = YES;
				INFOPLIST_KEY_UILaunchStoryboardName = LaunchScreen;
				INFOPLIST_KEY_UIMainStoryboardFile = Main;
				INFOPLIST_KEY_UISupportedInterfaceOrientations_iPad = "UIInterfaceOrientationPortrait UIInterfaceOrientationPortraitUpsideDown UIInterfaceOrientationLandscapeLeft UIInterfaceOrientationLandscapeRight";
				INFOPLIST_KEY_UISupportedInterfaceOrientations_iPhone = "UIInterfaceOrientationPortrait UIInterfaceOrientationLandscapeLeft UIInterfaceOrientationLandscapeRight";
				LD_RUNPATH_SEARCH_PATHS = (
					"$(inherited)",
					"@executable_path/Frameworks",
				);
				MARKETING_VERSION = 1.0;
				PRODUCT_BUNDLE_IDENTIFIER = mx.roverty.ObjcSimpleGame;
				PRODUCT_NAME = "$(TARGET_NAME)";
				SWIFT_EMIT_LOC_STRINGS = YES;
				SWIFT_OBJC_BRIDGING_HEADER = "ObjcSimpleGame/ObjcSimpleGame-Bridging-Header.h";
				SWIFT_VERSION = 5.0;
				TARGETED_DEVICE_FAMILY = "1,2";
			};
			name = Release;
		};
		6DD035E12CEBBB6900EDF825 /* Debug */ = {
			isa = XCBuildConfiguration;
			buildSettings = {
				ALWAYS_EMBED_SWIFT_STANDARD_LIBRARIES = YES;
				BUNDLE_LOADER = "$(TEST_HOST)";
				CODE_SIGN_STYLE = Automatic;
				CURRENT_PROJECT_VERSION = 1;
				DEVELOPMENT_TEAM = 2639M6Y6VT;
				GENERATE_INFOPLIST_FILE = YES;
				IPHONEOS_DEPLOYMENT_TARGET = 17.5;
				MARKETING_VERSION = 1.0;
				PRODUCT_BUNDLE_IDENTIFIER = mx.roverty.ObjcSimpleGameTests;
				PRODUCT_NAME = "$(TARGET_NAME)";
				SWIFT_EMIT_LOC_STRINGS = NO;
				TARGETED_DEVICE_FAMILY = "1,2";
				TEST_HOST = "$(BUILT_PRODUCTS_DIR)/ObjcSimpleGame.app/$(BUNDLE_EXECUTABLE_FOLDER_PATH)/ObjcSimpleGame";
			};
			name = Debug;
		};
		6DD035E22CEBBB6900EDF825 /* Release */ = {
			isa = XCBuildConfiguration;
			buildSettings = {
				ALWAYS_EMBED_SWIFT_STANDARD_LIBRARIES = YES;
				BUNDLE_LOADER = "$(TEST_HOST)";
				CODE_SIGN_STYLE = Automatic;
				CURRENT_PROJECT_VERSION = 1;
				DEVELOPMENT_TEAM = 2639M6Y6VT;
				GENERATE_INFOPLIST_FILE = YES;
				IPHONEOS_DEPLOYMENT_TARGET = 17.5;
				MARKETING_VERSION = 1.0;
				PRODUCT_BUNDLE_IDENTIFIER = mx.roverty.ObjcSimpleGameTests;
				PRODUCT_NAME = "$(TARGET_NAME)";
				SWIFT_EMIT_LOC_STRINGS = NO;
				TARGETED_DEVICE_FAMILY = "1,2";
				TEST_HOST = "$(BUILT_PRODUCTS_DIR)/ObjcSimpleGame.app/$(BUNDLE_EXECUTABLE_FOLDER_PATH)/ObjcSimpleGame";
			};
			name = Release;
		};
		6DD035E42CEBBB6900EDF825 /* Debug */ = {
			isa = XCBuildConfiguration;
			buildSettings = {
				ALWAYS_EMBED_SWIFT_STANDARD_LIBRARIES = YES;
				CODE_SIGN_STYLE = Automatic;
				CURRENT_PROJECT_VERSION = 1;
				DEVELOPMENT_TEAM = 2639M6Y6VT;
				GENERATE_INFOPLIST_FILE = YES;
				MARKETING_VERSION = 1.0;
				PRODUCT_BUNDLE_IDENTIFIER = mx.roverty.ObjcSimpleGameUITests;
				PRODUCT_NAME = "$(TARGET_NAME)";
				SWIFT_EMIT_LOC_STRINGS = NO;
				TARGETED_DEVICE_FAMILY = "1,2";
				TEST_TARGET_NAME = ObjcSimpleGame;
			};
			name = Debug;
		};
		6DD035E52CEBBB6900EDF825 /* Release */ = {
			isa = XCBuildConfiguration;
			buildSettings = {
				ALWAYS_EMBED_SWIFT_STANDARD_LIBRARIES = YES;
				CODE_SIGN_STYLE = Automatic;
				CURRENT_PROJECT_VERSION = 1;
				DEVELOPMENT_TEAM = 2639M6Y6VT;
				GENERATE_INFOPLIST_FILE = YES;
				MARKETING_VERSION = 1.0;
				PRODUCT_BUNDLE_IDENTIFIER = mx.roverty.ObjcSimpleGameUITests;
				PRODUCT_NAME = "$(TARGET_NAME)";
				SWIFT_EMIT_LOC_STRINGS = NO;
				TARGETED_DEVICE_FAMILY = "1,2";
				TEST_TARGET_NAME = ObjcSimpleGame;
			};
			name = Release;
		};
/* End XCBuildConfiguration section */

/* Begin XCConfigurationList section */
		6DD035A92CEBBB6800EDF825 /* Build configuration list for PBXProject "ObjcSimpleGame" */ = {
			isa = XCConfigurationList;
			buildConfigurations = (
				6DD035DB2CEBBB6900EDF825 /* Debug */,
				6DD035DC2CEBBB6900EDF825 /* Release */,
			);
			defaultConfigurationIsVisible = 0;
			defaultConfigurationName = Release;
		};
		6DD035DD2CEBBB6900EDF825 /* Build configuration list for PBXNativeTarget "ObjcSimpleGame" */ = {
			isa = XCConfigurationList;
			buildConfigurations = (
				6DD035DE2CEBBB6900EDF825 /* Debug */,
				6DD035DF2CEBBB6900EDF825 /* Release */,
			);
			defaultConfigurationIsVisible = 0;
			defaultConfigurationName = Release;
		};
		6DD035E02CEBBB6900EDF825 /* Build configuration list for PBXNativeTarget "ObjcSimpleGameTests" */ = {
			isa = XCConfigurationList;
			buildConfigurations = (
				6DD035E12CEBBB6900EDF825 /* Debug */,
				6DD035E22CEBBB6900EDF825 /* Release */,
			);
			defaultConfigurationIsVisible = 0;
			defaultConfigurationName = Release;
		};
		6DD035E32CEBBB6900EDF825 /* Build configuration list for PBXNativeTarget "ObjcSimpleGameUITests" */ = {
			isa = XCConfigurationList;
			buildConfigurations = (
				6DD035E42CEBBB6900EDF825 /* Debug */,
				6DD035E52CEBBB6900EDF825 /* Release */,
			);
			defaultConfigurationIsVisible = 0;
			defaultConfigurationName = Release;
		};
/* End XCConfigurationList section */
	};
	rootObject = 6DD035A62CEBBB6800EDF825 /* Project object */;
}
